// !$*UTF8*$!
{
	archiveVersion = 1;
	classes = {
	};
	objectVersion = 46;
	objects = {

/* Begin PBXBuildFile section */
		FE2F15431C9D2BB600D724D3 /* main.m in Sources */ = {isa = PBXBuildFile; fileRef = FE2F15421C9D2BB600D724D3 /* main.m */; };
		FE2F15461C9D2BB600D724D3 /* AppDelegate.m in Sources */ = {isa = PBXBuildFile; fileRef = FE2F15451C9D2BB600D724D3 /* AppDelegate.m */; };
		FE2F15491C9D2BB600D724D3 /* ViewController.m in Sources */ = {isa = PBXBuildFile; fileRef = FE2F15481C9D2BB600D724D3 /* ViewController.m */; };
		FE2F154C1C9D2BB600D724D3 /* Main.storyboard in Resources */ = {isa = PBXBuildFile; fileRef = FE2F154A1C9D2BB600D724D3 /* Main.storyboard */; };
		FE2F154F1C9D2BB600D724D3 /* CustomeAnnotationView.xcdatamodeld in Sources */ = {isa = PBXBuildFile; fileRef = FE2F154D1C9D2BB600D724D3 /* CustomeAnnotationView.xcdatamodeld */; };
		FE2F15511C9D2BB600D724D3 /* Assets.xcassets in Resources */ = {isa = PBXBuildFile; fileRef = FE2F15501C9D2BB600D724D3 /* Assets.xcassets */; };
		FE2F15541C9D2BB700D724D3 /* LaunchScreen.storyboard in Resources */ = {isa = PBXBuildFile; fileRef = FE2F15521C9D2BB600D724D3 /* LaunchScreen.storyboard */; };
		FE2F155F1C9D2BB700D724D3 /* CustomeAnnotationViewTests.m in Sources */ = {isa = PBXBuildFile; fileRef = FE2F155E1C9D2BB700D724D3 /* CustomeAnnotationViewTests.m */; };
		FE2F156A1C9D2BB700D724D3 /* CustomeAnnotationViewUITests.m in Sources */ = {isa = PBXBuildFile; fileRef = FE2F15691C9D2BB700D724D3 /* CustomeAnnotationViewUITests.m */; };
		FE2F15791C9D2CCB00D724D3 /* CustomPinAnnotationView.m in Sources */ = {isa = PBXBuildFile; fileRef = FE2F15781C9D2CCB00D724D3 /* CustomPinAnnotationView.m */; };
		FE2F157C1C9D2D1800D724D3 /* MyAnnotation.m in Sources */ = {isa = PBXBuildFile; fileRef = FE2F157B1C9D2D1800D724D3 /* MyAnnotation.m */; };
		FE2F15811C9D2EB200D724D3 /* chang.png in Resources */ = {isa = PBXBuildFile; fileRef = FE2F157D1C9D2EB200D724D3 /* chang.png */; };
		FE2F15821C9D2EB200D724D3 /* jingqu.png in Resources */ = {isa = PBXBuildFile; fileRef = FE2F157E1C9D2EB200D724D3 /* jingqu.png */; };
		FE2F15831C9D2EB200D724D3 /* super.png in Resources */ = {isa = PBXBuildFile; fileRef = FE2F157F1C9D2EB200D724D3 /* super.png */; };
		FE2F15841C9D2EB200D724D3 /* PinData.plist in Resources */ = {isa = PBXBuildFile; fileRef = FE2F15801C9D2EB200D724D3 /* PinData.plist */; };
		FE2F15861C9D37A100D724D3 /* acc.png in Resources */ = {isa = PBXBuildFile; fileRef = FE2F15851C9D37A100D724D3 /* acc.png */; };
/* End PBXBuildFile section */

/* Begin PBXContainerItemProxy section */
		FE2F155B1C9D2BB700D724D3 /* PBXContainerItemProxy */ = {
			isa = PBXContainerItemProxy;
			containerPortal = FE2F15361C9D2BB600D724D3 /* Project object */;
			proxyType = 1;
			remoteGlobalIDString = FE2F153D1C9D2BB600D724D3;
			remoteInfo = CustomeAnnotationView;
		};
		FE2F15661C9D2BB700D724D3 /* PBXContainerItemProxy */ = {
			isa = PBXContainerItemProxy;
			containerPortal = FE2F15361C9D2BB600D724D3 /* Project object */;
			proxyType = 1;
			remoteGlobalIDString = FE2F153D1C9D2BB600D724D3;
			remoteInfo = CustomeAnnotationView;
		};
/* End PBXContainerItemProxy section */

/* Begin PBXFileReference section */
		FE2F153E1C9D2BB600D724D3 /* CustomeAnnotationView.app */ = {isa = PBXFileReference; explicitFileType = wrapper.application; includeInIndex = 0; path = CustomeAnnotationView.app; sourceTree = BUILT_PRODUCTS_DIR; };
		FE2F15421C9D2BB600D724D3 /* main.m */ = {isa = PBXFileReference; lastKnownFileType = sourcecode.c.objc; path = main.m; sourceTree = "<group>"; };
		FE2F15441C9D2BB600D724D3 /* AppDelegate.h */ = {isa = PBXFileReference; lastKnownFileType = sourcecode.c.h; path = AppDelegate.h; sourceTree = "<group>"; };
		FE2F15451C9D2BB600D724D3 /* AppDelegate.m */ = {isa = PBXFileReference; lastKnownFileType = sourcecode.c.objc; path = AppDelegate.m; sourceTree = "<group>"; };
		FE2F15471C9D2BB600D724D3 /* ViewController.h */ = {isa = PBXFileReference; lastKnownFileType = sourcecode.c.h; path = ViewController.h; sourceTree = "<group>"; };
		FE2F15481C9D2BB600D724D3 /* ViewController.m */ = {isa = PBXFileReference; lastKnownFileType = sourcecode.c.objc; path = ViewController.m; sourceTree = "<group>"; };
		FE2F154B1C9D2BB600D724D3 /* Base */ = {isa = PBXFileReference; lastKnownFileType = file.storyboard; name = Base; path = Base.lproj/Main.storyboard; sourceTree = "<group>"; };
		FE2F154E1C9D2BB600D724D3 /* CustomeAnnotationView.xcdatamodel */ = {isa = PBXFileReference; lastKnownFileType = wrapper.xcdatamodel; path = CustomeAnnotationView.xcdatamodel; sourceTree = "<group>"; };
		FE2F15501C9D2BB600D724D3 /* Assets.xcassets */ = {isa = PBXFileReference; lastKnownFileType = folder.assetcatalog; path = Assets.xcassets; sourceTree = "<group>"; };
		FE2F15531C9D2BB600D724D3 /* Base */ = {isa = PBXFileReference; lastKnownFileType = file.storyboard; name = Base; path = Base.lproj/LaunchScreen.storyboard; sourceTree = "<group>"; };
		FE2F15551C9D2BB700D724D3 /* Info.plist */ = {isa = PBXFileReference; lastKnownFileType = text.plist.xml; path = Info.plist; sourceTree = "<group>"; };
		FE2F155A1C9D2BB700D724D3 /* CustomeAnnotationViewTests.xctest */ = {isa = PBXFileReference; explicitFileType = wrapper.cfbundle; includeInIndex = 0; path = CustomeAnnotationViewTests.xctest; sourceTree = BUILT_PRODUCTS_DIR; };
		FE2F155E1C9D2BB700D724D3 /* CustomeAnnotationViewTests.m */ = {isa = PBXFileReference; lastKnownFileType = sourcecode.c.objc; path = CustomeAnnotationViewTests.m; sourceTree = "<group>"; };
		FE2F15601C9D2BB700D724D3 /* Info.plist */ = {isa = PBXFileReference; lastKnownFileType = text.plist.xml; path = Info.plist; sourceTree = "<group>"; };
		FE2F15651C9D2BB700D724D3 /* CustomeAnnotationViewUITests.xctest */ = {isa = PBXFileReference; explicitFileType = wrapper.cfbundle; includeInIndex = 0; path = CustomeAnnotationViewUITests.xctest; sourceTree = BUILT_PRODUCTS_DIR; };
		FE2F15691C9D2BB700D724D3 /* CustomeAnnotationViewUITests.m */ = {isa = PBXFileReference; lastKnownFileType = sourcecode.c.objc; path = CustomeAnnotationViewUITests.m; sourceTree = "<group>"; };
		FE2F156B1C9D2BB700D724D3 /* Info.plist */ = {isa = PBXFileReference; lastKnownFileType = text.plist.xml; path = Info.plist; sourceTree = "<group>"; };
		FE2F15771C9D2CCB00D724D3 /* CustomPinAnnotationView.h */ = {isa = PBXFileReference; fileEncoding = 4; lastKnownFileType = sourcecode.c.h; path = CustomPinAnnotationView.h; sourceTree = "<group>"; };
		FE2F15781C9D2CCB00D724D3 /* CustomPinAnnotationView.m */ = {isa = PBXFileReference; fileEncoding = 4; lastKnownFileType = sourcecode.c.objc; path = CustomPinAnnotationView.m; sourceTree = "<group>"; };
		FE2F157A1C9D2D1800D724D3 /* MyAnnotation.h */ = {isa = PBXFileReference; fileEncoding = 4; lastKnownFileType = sourcecode.c.h; path = MyAnnotation.h; sourceTree = "<group>"; };
		FE2F157B1C9D2D1800D724D3 /* MyAnnotation.m */ = {isa = PBXFileReference; fileEncoding = 4; lastKnownFileType = sourcecode.c.objc; path = MyAnnotation.m; sourceTree = "<group>"; };
		FE2F157D1C9D2EB200D724D3 /* chang.png */ = {isa = PBXFileReference; lastKnownFileType = image.png; path = chang.png; sourceTree = "<group>"; };
		FE2F157E1C9D2EB200D724D3 /* jingqu.png */ = {isa = PBXFileReference; lastKnownFileType = image.png; path = jingqu.png; sourceTree = "<group>"; };
		FE2F157F1C9D2EB200D724D3 /* super.png */ = {isa = PBXFileReference; lastKnownFileType = image.png; path = super.png; sourceTree = "<group>"; };
		FE2F15801C9D2EB200D724D3 /* PinData.plist */ = {isa = PBXFileReference; fileEncoding = 4; lastKnownFileType = text.plist.xml; path = PinData.plist; sourceTree = "<group>"; };
		FE2F15851C9D37A100D724D3 /* acc.png */ = {isa = PBXFileReference; lastKnownFileType = image.png; path = acc.png; sourceTree = "<group>"; };
/* End PBXFileReference section */

/* Begin PBXFrameworksBuildPhase section */
		FE2F153B1C9D2BB600D724D3 /* Frameworks */ = {
			isa = PBXFrameworksBuildPhase;
			buildActionMask = 2147483647;
			files = (
			);
			runOnlyForDeploymentPostprocessing = 0;
		};
		FE2F15571C9D2BB700D724D3 /* Frameworks */ = {
			isa = PBXFrameworksBuildPhase;
			buildActionMask = 2147483647;
			files = (
			);
			runOnlyForDeploymentPostprocessing = 0;
		};
		FE2F15621C9D2BB700D724D3 /* Frameworks */ = {
			isa = PBXFrameworksBuildPhase;
			buildActionMask = 2147483647;
			files = (
			);
			runOnlyForDeploymentPostprocessing = 0;
		};
/* End PBXFrameworksBuildPhase section */

/* Begin PBXGroup section */
		FE2F15351C9D2BB600D724D3 = {
			isa = PBXGroup;
			children = (
				FE2F15401C9D2BB600D724D3 /* CustomeAnnotationView */,
				FE2F155D1C9D2BB700D724D3 /* CustomeAnnotationViewTests */,
				FE2F15681C9D2BB700D724D3 /* CustomeAnnotationViewUITests */,
				FE2F153F1C9D2BB600D724D3 /* Products */,
			);
			sourceTree = "<group>";
		};
		FE2F153F1C9D2BB600D724D3 /* Products */ = {
			isa = PBXGroup;
			children = (
				FE2F153E1C9D2BB600D724D3 /* CustomeAnnotationView.app */,
				FE2F155A1C9D2BB700D724D3 /* CustomeAnnotationViewTests.xctest */,
				FE2F15651C9D2BB700D724D3 /* CustomeAnnotationViewUITests.xctest */,
			);
			name = Products;
			sourceTree = "<group>";
		};
		FE2F15401C9D2BB600D724D3 /* CustomeAnnotationView */ = {
			isa = PBXGroup;
			children = (
				FE2F15851C9D37A100D724D3 /* acc.png */,
				FE2F157D1C9D2EB200D724D3 /* chang.png */,
				FE2F157E1C9D2EB200D724D3 /* jingqu.png */,
				FE2F157F1C9D2EB200D724D3 /* super.png */,
				FE2F15801C9D2EB200D724D3 /* PinData.plist */,
				FE2F15441C9D2BB600D724D3 /* AppDelegate.h */,
				FE2F15451C9D2BB600D724D3 /* AppDelegate.m */,
				FE2F15471C9D2BB600D724D3 /* ViewController.h */,
				FE2F15481C9D2BB600D724D3 /* ViewController.m */,
				FE2F157A1C9D2D1800D724D3 /* MyAnnotation.h */,
				FE2F157B1C9D2D1800D724D3 /* MyAnnotation.m */,
				FE2F15771C9D2CCB00D724D3 /* CustomPinAnnotationView.h */,
				FE2F15781C9D2CCB00D724D3 /* CustomPinAnnotationView.m */,
				FE2F154A1C9D2BB600D724D3 /* Main.storyboard */,
				FE2F15501C9D2BB600D724D3 /* Assets.xcassets */,
				FE2F15521C9D2BB600D724D3 /* LaunchScreen.storyboard */,
				FE2F15551C9D2BB700D724D3 /* Info.plist */,
				FE2F154D1C9D2BB600D724D3 /* CustomeAnnotationView.xcdatamodeld */,
				FE2F15411C9D2BB600D724D3 /* Supporting Files */,
			);
			path = CustomeAnnotationView;
			sourceTree = "<group>";
		};
		FE2F15411C9D2BB600D724D3 /* Supporting Files */ = {
			isa = PBXGroup;
			children = (
				FE2F15421C9D2BB600D724D3 /* main.m */,
			);
			name = "Supporting Files";
			sourceTree = "<group>";
		};
		FE2F155D1C9D2BB700D724D3 /* CustomeAnnotationViewTests */ = {
			isa = PBXGroup;
			children = (
				FE2F155E1C9D2BB700D724D3 /* CustomeAnnotationViewTests.m */,
				FE2F15601C9D2BB700D724D3 /* Info.plist */,
			);
			path = CustomeAnnotationViewTests;
			sourceTree = "<group>";
		};
		FE2F15681C9D2BB700D724D3 /* CustomeAnnotationViewUITests */ = {
			isa = PBXGroup;
			children = (
				FE2F15691C9D2BB700D724D3 /* CustomeAnnotationViewUITests.m */,
				FE2F156B1C9D2BB700D724D3 /* Info.plist */,
			);
			path = CustomeAnnotationViewUITests;
			sourceTree = "<group>";
		};
/* End PBXGroup section */

/* Begin PBXNativeTarget section */
		FE2F153D1C9D2BB600D724D3 /* CustomeAnnotationView */ = {
			isa = PBXNativeTarget;
			buildConfigurationList = FE2F156E1C9D2BB700D724D3 /* Build configuration list for PBXNativeTarget "CustomeAnnotationView" */;
			buildPhases = (
				FE2F153A1C9D2BB600D724D3 /* Sources */,
				FE2F153B1C9D2BB600D724D3 /* Frameworks */,
				FE2F153C1C9D2BB600D724D3 /* Resources */,
			);
			buildRules = (
			);
			dependencies = (
			);
			name = CustomeAnnotationView;
			productName = CustomeAnnotationView;
			productReference = FE2F153E1C9D2BB600D724D3 /* CustomeAnnotationView.app */;
			productType = "com.apple.product-type.application";
		};
		FE2F15591C9D2BB700D724D3 /* CustomeAnnotationViewTests */ = {
			isa = PBXNativeTarget;
			buildConfigurationList = FE2F15711C9D2BB700D724D3 /* Build configuration list for PBXNativeTarget "CustomeAnnotationViewTests" */;
			buildPhases = (
				FE2F15561C9D2BB700D724D3 /* Sources */,
				FE2F15571C9D2BB700D724D3 /* Frameworks */,
				FE2F15581C9D2BB700D724D3 /* Resources */,
			);
			buildRules = (
			);
			dependencies = (
				FE2F155C1C9D2BB700D724D3 /* PBXTargetDependency */,
			);
			name = CustomeAnnotationViewTests;
			productName = CustomeAnnotationViewTests;
			productReference = FE2F155A1C9D2BB700D724D3 /* CustomeAnnotationViewTests.xctest */;
			productType = "com.apple.product-type.bundle.unit-test";
		};
		FE2F15641C9D2BB700D724D3 /* CustomeAnnotationViewUITests */ = {
			isa = PBXNativeTarget;
			buildConfigurationList = FE2F15741C9D2BB700D724D3 /* Build configuration list for PBXNativeTarget "CustomeAnnotationViewUITests" */;
			buildPhases = (
				FE2F15611C9D2BB700D724D3 /* Sources */,
				FE2F15621C9D2BB700D724D3 /* Frameworks */,
				FE2F15631C9D2BB700D724D3 /* Resources */,
			);
			buildRules = (
			);
			dependencies = (
				FE2F15671C9D2BB700D724D3 /* PBXTargetDependency */,
			);
			name = CustomeAnnotationViewUITests;
			productName = CustomeAnnotationViewUITests;
			productReference = FE2F15651C9D2BB700D724D3 /* CustomeAnnotationViewUITests.xctest */;
			productType = "com.apple.product-type.bundle.ui-testing";
		};
/* End PBXNativeTarget section */

/* Begin PBXProject section */
		FE2F15361C9D2BB600D724D3 /* Project object */ = {
			isa = PBXProject;
			attributes = {
				LastUpgradeCheck = 0710;
				ORGANIZATIONNAME = "Larry（Lawrence）";
				TargetAttributes = {
					FE2F153D1C9D2BB600D724D3 = {
						CreatedOnToolsVersion = 7.1;
					};
					FE2F15591C9D2BB700D724D3 = {
						CreatedOnToolsVersion = 7.1;
						TestTargetID = FE2F153D1C9D2BB600D724D3;
					};
					FE2F15641C9D2BB700D724D3 = {
						CreatedOnToolsVersion = 7.1;
						TestTargetID = FE2F153D1C9D2BB600D724D3;
					};
				};
			};
			buildConfigurationList = FE2F15391C9D2BB600D724D3 /* Build configuration list for PBXProject "CustomeAnnotationView" */;
			compatibilityVersion = "Xcode 3.2";
			developmentRegion = English;
			hasScannedForEncodings = 0;
			knownRegions = (
				en,
				Base,
			);
			mainGroup = FE2F15351C9D2BB600D724D3;
			productRefGroup = FE2F153F1C9D2BB600D724D3 /* Products */;
			projectDirPath = "";
			projectRoot = "";
			targets = (
				FE2F153D1C9D2BB600D724D3 /* CustomeAnnotationView */,
				FE2F15591C9D2BB700D724D3 /* CustomeAnnotationViewTests */,
				FE2F15641C9D2BB700D724D3 /* CustomeAnnotationViewUITests */,
			);
		};
/* End PBXProject section */

/* Begin PBXResourcesBuildPhase section */
		FE2F153C1C9D2BB600D724D3 /* Resources */ = {
			isa = PBXResourcesBuildPhase;
			buildActionMask = 2147483647;
			files = (
				FE2F15541C9D2BB700D724D3 /* LaunchScreen.storyboard in Resources */,
				FE2F15861C9D37A100D724D3 /* acc.png in Resources */,
				FE2F15831C9D2EB200D724D3 /* super.png in Resources */,
				FE2F15821C9D2EB200D724D3 /* jingqu.png in Resources */,
				FE2F15811C9D2EB200D724D3 /* chang.png in Resources */,
				FE2F15511C9D2BB600D724D3 /* Assets.xcassets in Resources */,
				FE2F15841C9D2EB200D724D3 /* PinData.plist in Resources */,
				FE2F154C1C9D2BB600D724D3 /* Main.storyboard in Resources */,
			);
			runOnlyForDeploymentPostprocessing = 0;
		};
		FE2F15581C9D2BB700D724D3 /* Resources */ = {
			isa = PBXResourcesBuildPhase;
			buildActionMask = 2147483647;
			files = (
			);
			runOnlyForDeploymentPostprocessing = 0;
		};
		FE2F15631C9D2BB700D724D3 /* Resources */ = {
			isa = PBXResourcesBuildPhase;
			buildActionMask = 2147483647;
			files = (
			);
			runOnlyForDeploymentPostprocessing = 0;
		};
/* End PBXResourcesBuildPhase section */

/* Begin PBXSourcesBuildPhase section */
		FE2F153A1C9D2BB600D724D3 /* Sources */ = {
			isa = PBXSourcesBuildPhase;
			buildActionMask = 2147483647;
			files = (
				FE2F154F1C9D2BB600D724D3 /* CustomeAnnotationView.xcdatamodeld in Sources */,
				FE2F15491C9D2BB600D724D3 /* ViewController.m in Sources */,
				FE2F157C1C9D2D1800D724D3 /* MyAnnotation.m in Sources */,
				FE2F15461C9D2BB600D724D3 /* AppDelegate.m in Sources */,
				FE2F15791C9D2CCB00D724D3 /* CustomPinAnnotationView.m in Sources */,
				FE2F15431C9D2BB600D724D3 /* main.m in Sources */,
			);
			runOnlyForDeploymentPostprocessing = 0;
		};
		FE2F15561C9D2BB700D724D3 /* Sources */ = {
			isa = PBXSourcesBuildPhase;
			buildActionMask = 2147483647;
			files = (
				FE2F155F1C9D2BB700D724D3 /* CustomeAnnotationViewTests.m in Sources */,
			);
			runOnlyForDeploymentPostprocessing = 0;
		};
		FE2F15611C9D2BB700D724D3 /* Sources */ = {
			isa = PBXSourcesBuildPhase;
			buildActionMask = 2147483647;
			files = (
				FE2F156A1C9D2BB700D724D3 /* CustomeAnnotationViewUITests.m in Sources */,
			);
			runOnlyForDeploymentPostprocessing = 0;
		};
/* End PBXSourcesBuildPhase section */

/* Begin PBXTargetDependency section */
		FE2F155C1C9D2BB700D724D3 /* PBXTargetDependency */ = {
			isa = PBXTargetDependency;
			target = FE2F153D1C9D2BB600D724D3 /* CustomeAnnotationView */;
			targetProxy = FE2F155B1C9D2BB700D724D3 /* PBXContainerItemProxy */;
		};
		FE2F15671C9D2BB700D724D3 /* PBXTargetDependency */ = {
			isa = PBXTargetDependency;
			target = FE2F153D1C9D2BB600D724D3 /* CustomeAnnotationView */;
			targetProxy = FE2F15661C9D2BB700D724D3 /* PBXContainerItemProxy */;
		};
/* End PBXTargetDependency section */

/* Begin PBXVariantGroup section */
		FE2F154A1C9D2BB600D724D3 /* Main.storyboard */ = {
			isa = PBXVariantGroup;
			children = (
				FE2F154B1C9D2BB600D724D3 /* Base */,
			);
			name = Main.storyboard;
			sourceTree = "<group>";
		};
		FE2F15521C9D2BB600D724D3 /* LaunchScreen.storyboard */ = {
			isa = PBXVariantGroup;
			children = (
				FE2F15531C9D2BB600D724D3 /* Base */,
			);
			name = LaunchScreen.storyboard;
			sourceTree = "<group>";
		};
/* End PBXVariantGroup section */

/* Begin XCBuildConfiguration section */
		FE2F156C1C9D2BB700D724D3 /* Debug */ = {
			isa = XCBuildConfiguration;
			buildSettings = {
				ALWAYS_SEARCH_USER_PATHS = NO;
				CLANG_CXX_LANGUAGE_STANDARD = "gnu++0x";
				CLANG_CXX_LIBRARY = "libc++";
				CLANG_ENABLE_MODULES = YES;
				CLANG_ENABLE_OBJC_ARC = YES;
				CLANG_WARN_BOOL_CONVERSION = YES;
				CLANG_WARN_CONSTANT_CONVERSION = YES;
				CLANG_WARN_DIRECT_OBJC_ISA_USAGE = YES_ERROR;
				CLANG_WARN_EMPTY_BODY = YES;
				CLANG_WARN_ENUM_CONVERSION = YES;
				CLANG_WARN_INT_CONVERSION = YES;
				CLANG_WARN_OBJC_ROOT_CLASS = YES_ERROR;
				CLANG_WARN_UNREACHABLE_CODE = YES;
				CLANG_WARN__DUPLICATE_METHOD_MATCH = YES;
				"CODE_SIGN_IDENTITY[sdk=iphoneos*]" = "iPhone Developer";
				COPY_PHASE_STRIP = NO;
				DEBUG_INFORMATION_FORMAT = dwarf;
				ENABLE_STRICT_OBJC_MSGSEND = YES;
				ENABLE_TESTABILITY = YES;
				GCC_C_LANGUAGE_STANDARD = gnu99;
				GCC_DYNAMIC_NO_PIC = NO;
				GCC_NO_COMMON_BLOCKS = YES;
				GCC_OPTIMIZATION_LEVEL = 0;
				GCC_PREPROCESSOR_DEFINITIONS = (
					"DEBUG=1",
					"$(inherited)",
				);
				GCC_WARN_64_TO_32_BIT_CONVERSION = YES;
				GCC_WARN_ABOUT_RETURN_TYPE = YES_ERROR;
				GCC_WARN_UNDECLARED_SELECTOR = YES;
				GCC_WARN_UNINITIALIZED_AUTOS = YES_AGGRESSIVE;
				GCC_WARN_UNUSED_FUNCTION = YES;
				GCC_WARN_UNUSED_VARIABLE = YES;
				IPHONEOS_DEPLOYMENT_TARGET = 9.1;
				MTL_ENABLE_DEBUG_INFO = YES;
				ONLY_ACTIVE_ARCH = YES;
				SDKROOT = iphoneos;
			};
			name = Debug;
		};
		FE2F156D1C9D2BB700D724D3 /* Release */ = {
			isa = XCBuildConfiguration;
			buildSettings = {
				ALWAYS_SEARCH_USER_PATHS = NO;
				CLANG_CXX_LANGUAGE_STANDARD = "gnu++0x";
				CLANG_CXX_LIBRARY = "libc++";
				CLANG_ENABLE_MODULES = YES;
				CLANG_ENABLE_OBJC_ARC = YES;
				CLANG_WARN_BOOL_CONVERSION = YES;
				CLANG_WARN_CONSTANT_CONVERSION = YES;
				CLANG_WARN_DIRECT_OBJC_ISA_USAGE = YES_ERROR;
				CLANG_WARN_EMPTY_BODY = YES;
				CLANG_WARN_ENUM_CONVERSION = YES;
				CLANG_WARN_INT_CONVERSION = YES;
				CLANG_WARN_OBJC_ROOT_CLASS = YES_ERROR;
				CLANG_WARN_UNREACHABLE_CODE = YES;
				CLANG_WARN__DUPLICATE_METHOD_MATCH = YES;
				"CODE_SIGN_IDENTITY[sdk=iphoneos*]" = "iPhone Developer";
				COPY_PHASE_STRIP = NO;
				DEBUG_INFORMATION_FORMAT = "dwarf-with-dsym";
				ENABLE_NS_ASSERTIONS = NO;
				ENABLE_STRICT_OBJC_MSGSEND = YES;
				GCC_C_LANGUAGE_STANDARD = gnu99;
				GCC_NO_COMMON_BLOCKS = YES;
				GCC_WARN_64_TO_32_BIT_CONVERSION = YES;
				GCC_WARN_ABOUT_RETURN_TYPE = YES_ERROR;
				GCC_WARN_UNDECLARED_SELECTOR = YES;
				GCC_WARN_UNINITIALIZED_AUTOS = YES_AGGRESSIVE;
				GCC_WARN_UNUSED_FUNCTION = YES;
				GCC_WARN_UNUSED_VARIABLE = YES;
				IPHONEOS_DEPLOYMENT_TARGET = 9.1;
				MTL_ENABLE_DEBUG_INFO = NO;
				SDKROOT = iphoneos;
				VALIDATE_PRODUCT = YES;
			};
			name = Release;
		};
		FE2F156F1C9D2BB700D724D3 /* Debug */ = {
			isa = XCBuildConfiguration;
			buildSettings = {
				ASSETCATALOG_COMPILER_APPICON_NAME = AppIcon;
				INFOPLIST_FILE = CustomeAnnotationView/Info.plist;
				LD_RUNPATH_SEARCH_PATHS = "$(inherited) @executable_path/Frameworks";
				PRODUCT_BUNDLE_IDENTIFIER = Larry.CustomeAnnotationView;
				PRODUCT_NAME = "$(TARGET_NAME)";
			};
			name = Debug;
		};
		FE2F15701C9D2BB700D724D3 /* Release */ = {
			isa = XCBuildConfiguration;
			buildSettings = {
				ASSETCATALOG_COMPILER_APPICON_NAME = AppIcon;
				INFOPLIST_FILE = CustomeAnnotationView/Info.plist;
				LD_RUNPATH_SEARCH_PATHS = "$(inherited) @executable_path/Frameworks";
				PRODUCT_BUNDLE_IDENTIFIER = Larry.CustomeAnnotationView;
				PRODUCT_NAME = "$(TARGET_NAME)";
			};
			name = Release;
		};
		FE2F15721C9D2BB700D724D3 /* Debug */ = {
			isa = XCBuildConfiguration;
			buildSettings = {
				BUNDLE_LOADER = "$(TEST_HOST)";
				INFOPLIST_FILE = CustomeAnnotationViewTests/Info.plist;
				LD_RUNPATH_SEARCH_PATHS = "$(inherited) @executable_path/Frameworks @loader_path/Frameworks";
				PRODUCT_BUNDLE_IDENTIFIER = Larry.CustomeAnnotationViewTests;
				PRODUCT_NAME = "$(TARGET_NAME)";
				TEST_HOST = "$(BUILT_PRODUCTS_DIR)/CustomeAnnotationView.app/CustomeAnnotationView";
			};
			name = Debug;
		};
		FE2F15731C9D2BB700D724D3 /* Release */ = {
			isa = XCBuildConfiguration;
			buildSettings = {
				BUNDLE_LOADER = "$(TEST_HOST)";
				INFOPLIST_FILE = CustomeAnnotationViewTests/Info.plist;
				LD_RUNPATH_SEARCH_PATHS = "$(inherited) @executable_path/Frameworks @loader_path/Frameworks";
				PRODUCT_BUNDLE_IDENTIFIER = Larry.CustomeAnnotationViewTests;
				PRODUCT_NAME = "$(TARGET_NAME)";
				TEST_HOST = "$(BUILT_PRODUCTS_DIR)/CustomeAnnotationView.app/CustomeAnnotationView";
			};
			name = Release;
		};
		FE2F15751C9D2BB700D724D3 /* Debug */ = {
			isa = XCBuildConfiguration;
			buildSettings = {
				INFOPLIST_FILE = CustomeAnnotationViewUITests/Info.plist;
				LD_RUNPATH_SEARCH_PATHS = "$(inherited) @executable_path/Frameworks @loader_path/Frameworks";
				PRODUCT_BUNDLE_IDENTIFIER = Larry.CustomeAnnotationViewUITests;
				PRODUCT_NAME = "$(TARGET_NAME)";
				TEST_TARGET_NAME = CustomeAnnotationView;
				USES_XCTRUNNER = YES;
			};
			name = Debug;
		};
		FE2F15761C9D2BB700D724D3 /* Release */ = {
			isa = XCBuildConfiguration;
			buildSettings = {
				INFOPLIST_FILE = CustomeAnnotationViewUITests/Info.plist;
				LD_RUNPATH_SEARCH_PATHS = "$(inherited) @executable_path/Frameworks @loader_path/Frameworks";
				PRODUCT_BUNDLE_IDENTIFIER = Larry.CustomeAnnotationViewUITests;
				PRODUCT_NAME = "$(TARGET_NAME)";
				TEST_TARGET_NAME = CustomeAnnotationView;
				USES_XCTRUNNER = YES;
			};
			name = Release;
		};
/* End XCBuildConfiguration section */

/* Begin XCConfigurationList section */
		FE2F15391C9D2BB600D724D3 /* Build configuration list for PBXProject "CustomeAnnotationView" */ = {
			isa = XCConfigurationList;
			buildConfigurations = (
				FE2F156C1C9D2BB700D724D3 /* Debug */,
				FE2F156D1C9D2BB700D724D3 /* Release */,
			);
			defaultConfigurationIsVisible = 0;
			defaultConfigurationName = Release;
		};
		FE2F156E1C9D2BB700D724D3 /* Build configuration list for PBXNativeTarget "CustomeAnnotationView" */ = {
			isa = XCConfigurationList;
			buildConfigurations = (
				FE2F156F1C9D2BB700D724D3 /* Debug */,
				FE2F15701C9D2BB700D724D3 /* Release */,
			);
			defaultConfigurationIsVisible = 0;
		};
		FE2F15711C9D2BB700D724D3 /* Build configuration list for PBXNativeTarget "CustomeAnnotationViewTests" */ = {
			isa = XCConfigurationList;
			buildConfigurations = (
				FE2F15721C9D2BB700D724D3 /* Debug */,
				FE2F15731C9D2BB700D724D3 /* Release */,
			);
			defaultConfigurationIsVisible = 0;
		};
		FE2F15741C9D2BB700D724D3 /* Build configuration list for PBXNativeTarget "CustomeAnnotationViewUITests" */ = {
			isa = XCConfigurationList;
			buildConfigurations = (
				FE2F15751C9D2BB700D724D3 /* Debug */,
				FE2F15761C9D2BB700D724D3 /* Release */,
			);
			defaultConfigurationIsVisible = 0;
		};
/* End XCConfigurationList section */

/* Begin XCVersionGroup section */
		FE2F154D1C9D2BB600D724D3 /* CustomeAnnotationView.xcdatamodeld */ = {
			isa = XCVersionGroup;
			children = (
				FE2F154E1C9D2BB600D724D3 /* CustomeAnnotationView.xcdatamodel */,
			);
			currentVersion = FE2F154E1C9D2BB600D724D3 /* CustomeAnnotationView.xcdatamodel */;
			path = CustomeAnnotationView.xcdatamodeld;
			sourceTree = "<group>";
			versionGroupType = wrapper.xcdatamodel;
		};
/* End XCVersionGroup section */
	};
	rootObject = FE2F15361C9D2BB600D724D3 /* Project object */;
}
